
Microsoft Visual Studio Solution File, Format Version 10.00
# Visual Studio 2008
Project("{FAE04EC0-301F-11D3-BF4B-00C04F79EFBC}") = "iProc.DataAccessLayer", "iProc.DataAccessLayer\iProc.DataAccessLayer.csproj", "{98971D4F-3DA1-491D-AA84-8E1709066C6F}"
EndProject
Project("{E24C65DC-7377-472B-9ABA-BC803B73C61A}") = "iproc.webui", "iproc.webui\", "{D4CF5DD0-DF4C-4D89-83B0-B84DC3357941}"
	ProjectSection(WebsiteProperties) = preProject
		TargetFramework = "3.5"
		ProjectReferences = "{98971D4F-3DA1-491D-AA84-8E1709066C6F}|iProc.DataAccessLayer.dll;"
		Debug.AspNetCompiler.VirtualPath = "/iproc.webui"
		Debug.AspNetCompiler.PhysicalPath = "iproc.webui\"
		Debug.AspNetCompiler.TargetPath = "PrecompiledWeb\iproc.webui\"
		Debug.AspNetCompiler.Updateable = "true"
		Debug.AspNetCompiler.ForceOverwrite = "true"
		Debug.AspNetCompiler.FixedNames = "false"
		Debug.AspNetCompiler.Debug = "True"
		Release.AspNetCompiler.VirtualPath = "/iproc.webui"
		Release.AspNetCompiler.PhysicalPath = "iproc.webui\"
		Release.AspNetCompiler.TargetPath = "PrecompiledWeb\iproc.webui\"
		Release.AspNetCompiler.Updateable = "true"
		Release.AspNetCompiler.ForceOverwrite = "true"
		Release.AspNetCompiler.FixedNames = "false"
		Release.AspNetCompiler.Debug = "False"
		VWDPort = "59117"
		DefaultWebSiteLanguage = "Visual C#"
	EndProjectSection
EndProject
Global
	GlobalSection(SolutionConfigurationPlatforms) = preSolution
		Debug|Any CPU = Debug|Any CPU
		Release|Any CPU = Release|Any CPU
	EndGlobalSection
	GlobalSection(ProjectConfigurationPlatforms) = postSolution
		{98971D4F-3DA1-491D-AA84-8E1709066C6F}.Debug|Any CPU.ActiveCfg = Debug|Any CPU
		{98971D4F-3DA1-491D-AA84-8E1709066C6F}.Debug|Any CPU.Build.0 = Debug|Any CPU
		{98971D4F-3DA1-491D-AA84-8E1709066C6F}.Release|Any CPU.ActiveCfg = Release|Any CPU
		{98971D4F-3DA1-491D-AA84-8E1709066C6F}.Release|Any CPU.Build.0 = Release|Any CPU
		{D4CF5DD0-DF4C-4D89-83B0-B84DC3357941}.Debug|Any CPU.ActiveCfg = Debug|Any CPU
		{D4CF5DD0-DF4C-4D89-83B0-B84DC3357941}.Debug|Any CPU.Build.0 = Debug|Any CPU
		{D4CF5DD0-DF4C-4D89-83B0-B84DC3357941}.Release|Any CPU.ActiveCfg = Debug|Any CPU
		{D4CF5DD0-DF4C-4D89-83B0-B84DC3357941}.Release|Any CPU.Build.0 = Debug|Any CPU
	EndGlobalSection
	GlobalSection(SolutionProperties) = preSolution
		HideSolutionNode = FALSE
	EndGlobalSection
EndGlobal
